{
 "graph_lock": {
  "nodes": {
   "0": {
    "ref": "Utils/1.0",
    "options": "shared=False\ngtest:build_gmock=True\ngtest:fPIC=True\ngtest:no_main=False\ngtest:shared=False",
    "requires": [
     "1"
    ],
    "path": "conanfile.py",
    "context": "host"
   },
   "1": {
    "ref": "gtest/1.8.1@bincrafters/stable",
    "options": "build_gmock=True\nfPIC=True\nno_main=False\nshared=False",
    "package_id": "7320405f83ec32d8556b524cdda87ee295bb7b84",
    "prev": "0",
    "context": "host"
   }
  },
  "revisions_enabled": false
 },
 "version": "0.4",
 "profile_host": "[settings]\narch=x86_64\narch_build=x86_64\nbuild_type=Release\ncompiler=gcc\ncompiler.libcxx=libstdc++11\ncompiler.version=9\nos=Linux\nos_build=Linux\n[options]\n[build_requires]\n[env]\n"
}